
Microsoft Visual Studio Solution File, Format Version 12.00
# Visual Studio Version 16
VisualStudioVersion = 16.0.30804.86
MinimumVisualStudioVersion = 10.0.40219.1
Project("{9A19103F-16F7-4668-BE54-9A1E7A4F7556}") = "Code Kata", "Code Kata\Code Kata.csproj", "{22C8BB32-A635-496E-92C0-B393F6EB65B5}"
EndProject
Project("{9A19103F-16F7-4668-BE54-9A1E7A4F7556}") = "CodeKataTest", "CodeKataTest\CodeKataTest.csproj", "{1E73631D-9C06-4870-8172-48C8B10A6EA9}"
EndProject
Global
	GlobalSection(SolutionConfigurationPlatforms) = preSolution
		Debug|Any CPU = Debug|Any CPU
		Release|Any CPU = Release|Any CPU
	EndGlobalSection
	GlobalSection(ProjectConfigurationPlatforms) = postSolution
		{22C8BB32-A635-496E-92C0-B393F6EB65B5}.Debug|Any CPU.ActiveCfg = Debug|Any CPU
		{22C8BB32-A635-496E-92C0-B393F6EB65B5}.Debug|Any CPU.Build.0 = Debug|Any CPU
		{22C8BB32-A635-496E-92C0-B393F6EB65B5}.Release|Any CPU.ActiveCfg = Release|Any CPU
		{22C8BB32-A635-496E-92C0-B393F6EB65B5}.Release|Any CPU.Build.0 = Release|Any CPU
		{1E73631D-9C06-4870-8172-48C8B10A6EA9}.Debug|Any CPU.ActiveCfg = Debug|Any CPU
		{1E73631D-9C06-4870-8172-48C8B10A6EA9}.Release|Any CPU.ActiveCfg = Release|Any CPU
	EndGlobalSection
	GlobalSection(SolutionProperties) = preSolution
		HideSolutionNode = FALSE
	EndGlobalSection
	GlobalSection(ExtensibilityGlobals) = postSolution
		SolutionGuid = {F3554EA2-CE2B-4AF8-8FED-8BC300C3D71C}
	EndGlobalSection
EndGlobal
